github.com/joho/godotenv v1.5.1 h1:7eLL/+HRGLY0ldzfGMeQkb7vMd0as4CfYvUVzLqw0N0=
github.com/joho/godotenv v1.5.1/go.mod h1:f4LDr5Voq0i2e/R5DDNOoa2zzDfwtkZa6DnEwAbqwq4=
github.com/resend/resend-go/v3 v3.2.0 h1:jChLDFSLxKewNf6JEkxUyp/sJbaHBqd/NQfxCdXuVJk=
github.com/resend/resend-go/v3 v3.2.0/go.mod h1:iI7VA0NoGjWvsNii5iNC5Dy0llsI3HncXPejhniYzwE=
